
Microsoft Visual Studio Solution File, Format Version 12.00
# Visual Studio 15
VisualStudioVersion = 15.0.27004.2009
MinimumVisualStudioVersion = 10.0.40219.1
Project("{FAE04EC0-301F-11D3-BF4B-00C04F79EFBC}") = "RavenTestConsole", "RavenTestConsole\RavenTestConsole.csproj", "{28AB3FA9-0C1F-4673-90C4-4537A81908FB}"
EndProject
Global
	GlobalSection(SolutionConfigurationPlatforms) = preSolution
		Debug|Any CPU = Debug|Any CPU
		Release|Any CPU = Release|Any CPU
	EndGlobalSection
	GlobalSection(ProjectConfigurationPlatforms) = postSolution
		{28AB3FA9-0C1F-4673-90C4-4537A81908FB}.Debug|Any CPU.ActiveCfg = Debug|Any CPU
		{28AB3FA9-0C1F-4673-90C4-4537A81908FB}.Debug|Any CPU.Build.0 = Debug|Any CPU
		{28AB3FA9-0C1F-4673-90C4-4537A81908FB}.Release|Any CPU.ActiveCfg = Release|Any CPU
		{28AB3FA9-0C1F-4673-90C4-4537A81908FB}.Release|Any CPU.Build.0 = Release|Any CPU
	EndGlobalSection
	GlobalSection(SolutionProperties) = preSolution
		HideSolutionNode = FALSE
	EndGlobalSection
	GlobalSection(ExtensibilityGlobals) = postSolution
		SolutionGuid = {2CBC06BC-49AC-4B36-9E62-B3150D36A9FA}
	EndGlobalSection
EndGlobal
